
Microsoft Visual Studio Solution File, Format Version 12.00
# Visual Studio Version 17
VisualStudioVersion = 17.0.32112.339
MinimumVisualStudioVersion = 10.0.40219.1
Project("{9A19103F-16F7-4668-BE54-9A1E7A4F7556}") = "Portfolio-Site.Server", "Portfolio-Site\Server\Portfolio-Site.Server.csproj", "{33DFF4E9-5241-419F-B7E4-735C0A865640}"
EndProject
Project("{9A19103F-16F7-4668-BE54-9A1E7A4F7556}") = "Portfolio-Site.Client", "Portfolio-Site\Client\Portfolio-Site.Client.csproj", "{43BD48B0-5627-4D5A-B912-592B202477B3}"
EndProject
Project("{9A19103F-16F7-4668-BE54-9A1E7A4F7556}") = "Portfolio-Site.Shared", "Portfolio-Site\Shared\Portfolio-Site.Shared.csproj", "{F0D2E691-5C0A-4C0F-AE38-1552E2D0206B}"
EndProject
Global
	GlobalSection(SolutionConfigurationPlatforms) = preSolution
		Debug|Any CPU = Debug|Any CPU
		Release|Any CPU = Release|Any CPU
	EndGlobalSection
	GlobalSection(ProjectConfigurationPlatforms) = postSolution
		{33DFF4E9-5241-419F-B7E4-735C0A865640}.Debug|Any CPU.ActiveCfg = Debug|Any CPU
		{33DFF4E9-5241-419F-B7E4-735C0A865640}.Debug|Any CPU.Build.0 = Debug|Any CPU
		{33DFF4E9-5241-419F-B7E4-735C0A865640}.Release|Any CPU.ActiveCfg = Release|Any CPU
		{33DFF4E9-5241-419F-B7E4-735C0A865640}.Release|Any CPU.Build.0 = Release|Any CPU
		{43BD48B0-5627-4D5A-B912-592B202477B3}.Debug|Any CPU.ActiveCfg = Debug|Any CPU
		{43BD48B0-5627-4D5A-B912-592B202477B3}.Debug|Any CPU.Build.0 = Debug|Any CPU
		{43BD48B0-5627-4D5A-B912-592B202477B3}.Release|Any CPU.ActiveCfg = Release|Any CPU
		{43BD48B0-5627-4D5A-B912-592B202477B3}.Release|Any CPU.Build.0 = Release|Any CPU
		{F0D2E691-5C0A-4C0F-AE38-1552E2D0206B}.Debug|Any CPU.ActiveCfg = Debug|Any CPU
		{F0D2E691-5C0A-4C0F-AE38-1552E2D0206B}.Debug|Any CPU.Build.0 = Debug|Any CPU
		{F0D2E691-5C0A-4C0F-AE38-1552E2D0206B}.Release|Any CPU.ActiveCfg = Release|Any CPU
		{F0D2E691-5C0A-4C0F-AE38-1552E2D0206B}.Release|Any CPU.Build.0 = Release|Any CPU
	EndGlobalSection
	GlobalSection(SolutionProperties) = preSolution
		HideSolutionNode = FALSE
	EndGlobalSection
	GlobalSection(ExtensibilityGlobals) = postSolution
		SolutionGuid = {65B7F706-28F7-4BD7-815C-2408F6A8C54F}
	EndGlobalSection
EndGlobal
